{
  "originHash" : "891719ae22316c4f43e4dd1394ff0f4555ea11004d3a48058a311fa68a8dcafc",
  "pins" : [
    {
      "identity" : "realitymixervisionpro",
      "kind" : "remoteSourceControl",
      "location" : "https://github.com/fabio914/RealityMixerVisionPro",
      "state" : {
        "branch" : "main",
        "revision" : "7fac25114bd754e44fd141a878e055e6d57723fa"
      }
    },
    {
      "identity" : "swiftsocket",
      "kind" : "remoteSourceControl",
      "location" : "https://github.com/fabio914/SwiftSocket",
      "state" : {
        "revision" : "4165a4f2de3efb733a7b9c106ce7dd4b809ab294",
        "version" : "2.1.1"
      }
    }
  ],
  "version" : 3
}
